
Microsoft Visual Studio Solution File, Format Version 12.00
# Visual Studio Version 17
VisualStudioVersion = 17.5.002.0
MinimumVisualStudioVersion = 10.0.40219.1
Project("{9A19103F-16F7-4668-BE54-9A1E7A4F7556}") = "01_polimorfismo", "01_polimorfismo.csproj", "{365B8F1F-A1CC-4708-9133-711D26D6159D}"
EndProject
Global
	GlobalSection(SolutionConfigurationPlatforms) = preSolution
		Debug|Any CPU = Debug|Any CPU
		Release|Any CPU = Release|Any CPU
	EndGlobalSection
	GlobalSection(ProjectConfigurationPlatforms) = postSolution
		{365B8F1F-A1CC-4708-9133-711D26D6159D}.Debug|Any CPU.ActiveCfg = Debug|Any CPU
		{365B8F1F-A1CC-4708-9133-711D26D6159D}.Debug|Any CPU.Build.0 = Debug|Any CPU
		{365B8F1F-A1CC-4708-9133-711D26D6159D}.Release|Any CPU.ActiveCfg = Release|Any CPU
		{365B8F1F-A1CC-4708-9133-711D26D6159D}.Release|Any CPU.Build.0 = Release|Any CPU
	EndGlobalSection
	GlobalSection(SolutionProperties) = preSolution
		HideSolutionNode = FALSE
	EndGlobalSection
	GlobalSection(ExtensibilityGlobals) = postSolution
		SolutionGuid = {10CEE656-FE82-4FAB-B806-E852081892F2}
	EndGlobalSection
EndGlobal
